
Microsoft Visual Studio Solution File, Format Version 12.00
# Visual Studio Version 16
VisualStudioVersion = 16.0.28902.138
MinimumVisualStudioVersion = 10.0.40219.1
Project("{FAE04EC0-301F-11D3-BF4B-00C04F79EFBC}") = "specified operations", "specified operations.csproj", "{05E97DD4-57EE-4316-B053-23D84F581864}"
EndProject
Global
	GlobalSection(SolutionConfigurationPlatforms) = preSolution
		Debug|Any CPU = Debug|Any CPU
		Release|Any CPU = Release|Any CPU
	EndGlobalSection
	GlobalSection(ProjectConfigurationPlatforms) = postSolution
		{05E97DD4-57EE-4316-B053-23D84F581864}.Debug|Any CPU.ActiveCfg = Debug|Any CPU
		{05E97DD4-57EE-4316-B053-23D84F581864}.Debug|Any CPU.Build.0 = Debug|Any CPU
		{05E97DD4-57EE-4316-B053-23D84F581864}.Release|Any CPU.ActiveCfg = Release|Any CPU
		{05E97DD4-57EE-4316-B053-23D84F581864}.Release|Any CPU.Build.0 = Release|Any CPU
	EndGlobalSection
	GlobalSection(SolutionProperties) = preSolution
		HideSolutionNode = FALSE
	EndGlobalSection
	GlobalSection(ExtensibilityGlobals) = postSolution
		SolutionGuid = {2C0944A0-8432-417B-A494-6C22204C45CE}
	EndGlobalSection
EndGlobal
